
Microsoft Visual Studio Solution File, Format Version 12.00
# Visual Studio Version 16
VisualStudioVersion = 16.0.28803.352
MinimumVisualStudioVersion = 10.0.40219.1
Project("{FAE04EC0-301F-11D3-BF4B-00C04F79EFBC}") = "Kerstdiner_WPF", "Kerstdiner_WPF\Kerstdiner_WPF.csproj", "{5E57CA31-972E-475D-814C-0E561EF3560A}"
EndProject
Project("{FAE04EC0-301F-11D3-BF4B-00C04F79EFBC}") = "Kerstdiner_Models", "Kerstdiner_Models\Kerstdiner_Models.csproj", "{D702A552-A5BF-4557-84C1-AC9D9A642F0E}"
EndProject
Project("{FAE04EC0-301F-11D3-BF4B-00C04F79EFBC}") = "Kerstdiner_Dal", "Kerstdiner_Dal\Kerstdiner_Dal.csproj", "{A48A1655-D9E2-490E-96B4-E551D2D68C44}"
EndProject
Global
	GlobalSection(SolutionConfigurationPlatforms) = preSolution
		Debug|Any CPU = Debug|Any CPU
		Release|Any CPU = Release|Any CPU
	EndGlobalSection
	GlobalSection(ProjectConfigurationPlatforms) = postSolution
		{5E57CA31-972E-475D-814C-0E561EF3560A}.Debug|Any CPU.ActiveCfg = Debug|Any CPU
		{5E57CA31-972E-475D-814C-0E561EF3560A}.Debug|Any CPU.Build.0 = Debug|Any CPU
		{5E57CA31-972E-475D-814C-0E561EF3560A}.Release|Any CPU.ActiveCfg = Release|Any CPU
		{5E57CA31-972E-475D-814C-0E561EF3560A}.Release|Any CPU.Build.0 = Release|Any CPU
		{D702A552-A5BF-4557-84C1-AC9D9A642F0E}.Debug|Any CPU.ActiveCfg = Debug|Any CPU
		{D702A552-A5BF-4557-84C1-AC9D9A642F0E}.Debug|Any CPU.Build.0 = Debug|Any CPU
		{D702A552-A5BF-4557-84C1-AC9D9A642F0E}.Release|Any CPU.ActiveCfg = Release|Any CPU
		{D702A552-A5BF-4557-84C1-AC9D9A642F0E}.Release|Any CPU.Build.0 = Release|Any CPU
		{A48A1655-D9E2-490E-96B4-E551D2D68C44}.Debug|Any CPU.ActiveCfg = Debug|Any CPU
		{A48A1655-D9E2-490E-96B4-E551D2D68C44}.Debug|Any CPU.Build.0 = Debug|Any CPU
		{A48A1655-D9E2-490E-96B4-E551D2D68C44}.Release|Any CPU.ActiveCfg = Release|Any CPU
		{A48A1655-D9E2-490E-96B4-E551D2D68C44}.Release|Any CPU.Build.0 = Release|Any CPU
	EndGlobalSection
	GlobalSection(SolutionProperties) = preSolution
		HideSolutionNode = FALSE
	EndGlobalSection
	GlobalSection(ExtensibilityGlobals) = postSolution
		SolutionGuid = {B3B87F36-8A28-4C06-87A8-4BD0A775BEB8}
	EndGlobalSection
EndGlobal
